<Solution>
  <Project Path="AccountApp_Serialization&amp;Deserialization/AccountApp_Serialization&amp;Deserialization.csproj" Id="8560cbc0-0574-4626-bac4-a448b00560f4" />
  <Project Path="Armstrong/Armstrong.csproj" />
  <Project Path="ArrayOfAccounts/ArrayOfAccounts.csproj" Id="5ec76195-d772-4626-bf50-76c4b88781a5" />
  <Project Path="Bank_App_Game/Bank_App_Game.csproj" />
  <Project Path="Basic_Stats_Program/Basic_Stats_Program.csproj" />
  <Project Path="Book_Discount_Calculator/Book_Discount_Calculator.csproj" />
  <Project Path="Boxing_Unboxing/Boxing_Unboxing.csproj" />
  <Project Path="ClassDiagram/ClassDiagram.csproj" />
  <Project Path="Constructor_Chaining/Constructor_Chaining.csproj" />
  <Project Path="Constructor_Overloading/Constructor_Overloading.csproj" />
  <Project Path="C_Sharp_Assignments/Reverse_of_number.csproj" />
  <Project Path="EmployeePolymorphism/EmployeePolymorphism.csproj" Id="3214dc34-0008-44d2-b007-edef66c69964" />
  <Project Path="EmployeePolymorphism_CollectionPoc/CollectionPoc.csproj" Id="a8698d90-628e-46e5-81a6-fdac2f80567f" />
  <Project Path="Factorial/Factorial.csproj" />
  <Project Path="FibbonaciProgram/FibbonaciProgram.csproj" />
  <Project Path="Function_Arrays/Function_Arrays.csproj" />
  <Project Path="In_Out/In_Out_Params.csproj" />
  <Project Path="Multilevel_Inheritance/Multilevel_Inheritance.csproj" Id="082d01e0-9bb4-4074-be1d-c20f9ab1b5ab" />
  <Project Path="NotificationSystem(MulticastDelegate)/NotificationSystem(MulticastDelegate).csproj" Id="916ed7a2-e424-44af-8f76-714645d197d0" />
  <Project Path="Number_Guess/Number_Guess.csproj" />
  <Project Path="OrderProcessingSystem(funcDelegate)/OrderProcessingSystem(funcDelegate).csproj" Id="1c25da37-8c68-4fdc-8a91-0121d197728e" />
  <Project Path="PalindromeString/PalindromeString.csproj" />
  <Project Path="PigGame/PigGame.csproj" Id="3598f1bb-444f-4aa5-8d69-cbfbf664b342" />
  <Project Path="Planet_Weight/Planet_Weight.csproj" />
  <Project Path="Prime Program/Prime Program.csproj" />
  <Project Path="Product_App/Product_App.csproj" />
  <Project Path="StudentFilteringSystem(Predicate)/StudentFilteringSystem(Predicate).csproj" Id="636d4054-5cf4-4851-afc4-b48e3d231acb" />
  <Project Path="Student_Rport/Student_Report.csproj" />
  <Project Path="TIC_TAC_TOE_GAME/TIC_TAC_TOE_GAME.csproj" Id="435b8c05-f614-4a02-88c1-76fbb6a10996" />
  <Project Path="University_Enrollment/University_Enrollment.csproj" />
</Solution>
